Microsoft Visual Studio Solution File, Format Version 12.00
# Visual Studio Version 17
VisualStudioVersion = 17.9.34607.119
MinimumVisualStudioVersion = 10.0.40219.1
Project("{9A19103F-16F7-4668-BE54-9A1E7A4F7556}") = "SLToolkit.DataForm.WPF", "SLToolkit.DataForm.WPF\SLToolkit.DataForm.WPF.csproj", "{B1F0F8DD-E13C-40B9-8CFC-75439A9BC240}"
EndProject
Project("{9A19103F-16F7-4668-BE54-9A1E7A4F7556}") = "DataFormDemo", "DataFormDemo\DataFormDemo.csproj", "{3887BA93-DF9E-4D42-A2A1-BFF18A9E1AA9}"
EndProject
Project("{9A19103F-16F7-4668-BE54-9A1E7A4F7556}") = "SLToolkit.DataForm.WPF.Tests", "SLToolkit.DataForm.WPF.Tests\SLToolkit.DataForm.WPF.Tests.csproj", "{98133438-7794-4B8E-9115-6C2C8FFBD159}"
EndProject
Project("{9A19103F-16F7-4668-BE54-9A1E7A4F7556}") = "SLToolkit.DataForm.Avalonia", "SLToolkit.DataForm.Avalonia\SLToolkit.DataForm.Avalonia.csproj", "{A160B5D7-9E8E-40AC-AC06-B0DEAD5C688A}"
EndProject
Project("{9A19103F-16F7-4668-BE54-9A1E7A4F7556}") = "SLToolkit.DataForm.Avalonia.Tests", "SLToolkit.DataForm.Avalonia.Tests\SLToolkit.DataForm.Avalonia.Tests.csproj", "{AC106DE9-1018-4454-9F39-53EEA6708BEC}"
EndProject
Project("{9A19103F-16F7-4668-BE54-9A1E7A4F7556}") = "DataFormDemo.Avalonia", "DataFormDemo.Avalonia\DataFormDemo.Avalonia.csproj", "{6C1FBD78-99A8-43A3-BFD8-32CDD8CB579B}"
EndProject
Project("{9A19103F-16F7-4668-BE54-9A1E7A4F7556}") = "DataFormDemo.Avalonia.Desktop", "DataFormDemo.Avalonia.Desktop\DataFormDemo.Avalonia.Desktop.csproj", "{5FD5D32B-90FF-4D68-B458-2A3E712C05A8}"
EndProject
Global
	GlobalSection(SolutionConfigurationPlatforms) = preSolution
		Debug|Any CPU = Debug|Any CPU
		Release|Any CPU = Release|Any CPU
	EndGlobalSection
	GlobalSection(ProjectConfigurationPlatforms) = postSolution
		{B1F0F8DD-E13C-40B9-8CFC-75439A9BC240}.Debug|Any CPU.ActiveCfg = Debug|Any CPU
		{B1F0F8DD-E13C-40B9-8CFC-75439A9BC240}.Debug|Any CPU.Build.0 = Debug|Any CPU
		{B1F0F8DD-E13C-40B9-8CFC-75439A9BC240}.Release|Any CPU.ActiveCfg = Release|Any CPU
		{B1F0F8DD-E13C-40B9-8CFC-75439A9BC240}.Release|Any CPU.Build.0 = Release|Any CPU
		{3887BA93-DF9E-4D42-A2A1-BFF18A9E1AA9}.Debug|Any CPU.ActiveCfg = Debug|Any CPU
		{3887BA93-DF9E-4D42-A2A1-BFF18A9E1AA9}.Debug|Any CPU.Build.0 = Debug|Any CPU
		{3887BA93-DF9E-4D42-A2A1-BFF18A9E1AA9}.Release|Any CPU.ActiveCfg = Release|Any CPU
		{3887BA93-DF9E-4D42-A2A1-BFF18A9E1AA9}.Release|Any CPU.Build.0 = Release|Any CPU
		{98133438-7794-4B8E-9115-6C2C8FFBD159}.Debug|Any CPU.ActiveCfg = Debug|Any CPU
		{98133438-7794-4B8E-9115-6C2C8FFBD159}.Debug|Any CPU.Build.0 = Debug|Any CPU
		{98133438-7794-4B8E-9115-6C2C8FFBD159}.Release|Any CPU.ActiveCfg = Release|Any CPU
		{98133438-7794-4B8E-9115-6C2C8FFBD159}.Release|Any CPU.Build.0 = Release|Any CPU
		{A160B5D7-9E8E-40AC-AC06-B0DEAD5C688A}.Debug|Any CPU.ActiveCfg = Debug|Any CPU
		{A160B5D7-9E8E-40AC-AC06-B0DEAD5C688A}.Debug|Any CPU.Build.0 = Debug|Any CPU
		{A160B5D7-9E8E-40AC-AC06-B0DEAD5C688A}.Release|Any CPU.ActiveCfg = Release|Any CPU
		{A160B5D7-9E8E-40AC-AC06-B0DEAD5C688A}.Release|Any CPU.Build.0 = Release|Any CPU
		{AC106DE9-1018-4454-9F39-53EEA6708BEC}.Debug|Any CPU.ActiveCfg = Debug|Any CPU
		{AC106DE9-1018-4454-9F39-53EEA6708BEC}.Debug|Any CPU.Build.0 = Debug|Any CPU
		{AC106DE9-1018-4454-9F39-53EEA6708BEC}.Release|Any CPU.ActiveCfg = Release|Any CPU
		{AC106DE9-1018-4454-9F39-53EEA6708BEC}.Release|Any CPU.Build.0 = Release|Any CPU
		{6C1FBD78-99A8-43A3-BFD8-32CDD8CB579B}.Debug|Any CPU.ActiveCfg = Debug|Any CPU
		{6C1FBD78-99A8-43A3-BFD8-32CDD8CB579B}.Debug|Any CPU.Build.0 = Debug|Any CPU
		{6C1FBD78-99A8-43A3-BFD8-32CDD8CB579B}.Release|Any CPU.ActiveCfg = Release|Any CPU
		{6C1FBD78-99A8-43A3-BFD8-32CDD8CB579B}.Release|Any CPU.Build.0 = Release|Any CPU
		{5FD5D32B-90FF-4D68-B458-2A3E712C05A8}.Debug|Any CPU.ActiveCfg = Debug|Any CPU
		{5FD5D32B-90FF-4D68-B458-2A3E712C05A8}.Debug|Any CPU.Build.0 = Debug|Any CPU
		{5FD5D32B-90FF-4D68-B458-2A3E712C05A8}.Release|Any CPU.ActiveCfg = Release|Any CPU
		{5FD5D32B-90FF-4D68-B458-2A3E712C05A8}.Release|Any CPU.Build.0 = Release|Any CPU
	EndGlobalSection
	GlobalSection(SolutionProperties) = preSolution
		HideSolutionNode = FALSE
	EndGlobalSection
	GlobalSection(ExtensibilityGlobals) = postSolution
		SolutionGuid = {10CF6382-59FB-4DD5-87B1-99E5CBE43871}
	EndGlobalSection
EndGlobal
